
Microsoft Visual Studio Solution File, Format Version 12.00
# Visual Studio 14
VisualStudioVersion = 14.0.23107.0
MinimumVisualStudioVersion = 10.0.40219.1
Project("{FAE04EC0-301F-11D3-BF4B-00C04F79EFBC}") = "01.MethodsPrintingNumbers", "01.MethodsPrintingNumbers\01.MethodsPrintingNumbers.csproj", "{C202C1C8-9C3F-453D-8DC8-8CB0D64CE2DB}"
EndProject
Project("{FAE04EC0-301F-11D3-BF4B-00C04F79EFBC}") = "02.Power", "02.Power\02.Power.csproj", "{1E54EA00-14E5-4A3D-925D-A41232E9B416}"
EndProject
Project("{FAE04EC0-301F-11D3-BF4B-00C04F79EFBC}") = "03.Integers", "03.Integers\03.Integers.csproj", "{3AB3A09D-271F-4132-8EB3-1F7B5501EC7F}"
EndProject
Project("{FAE04EC0-301F-11D3-BF4B-00C04F79EFBC}") = "04.TextModification", "04.TextModification\04.TextModification.csproj", "{C423163C-106E-41A7-93E6-9017676AF3D1}"
EndProject
Project("{FAE04EC0-301F-11D3-BF4B-00C04F79EFBC}") = "05.BubbleSort", "05.BubbleSort\05.BubbleSort.csproj", "{91D9907E-497A-42B9-A324-37A134AAB31D}"
EndProject
Global
	GlobalSection(SolutionConfigurationPlatforms) = preSolution
		Debug|Any CPU = Debug|Any CPU
		Release|Any CPU = Release|Any CPU
	EndGlobalSection
	GlobalSection(ProjectConfigurationPlatforms) = postSolution
		{C202C1C8-9C3F-453D-8DC8-8CB0D64CE2DB}.Debug|Any CPU.ActiveCfg = Debug|Any CPU
		{C202C1C8-9C3F-453D-8DC8-8CB0D64CE2DB}.Debug|Any CPU.Build.0 = Debug|Any CPU
		{C202C1C8-9C3F-453D-8DC8-8CB0D64CE2DB}.Release|Any CPU.ActiveCfg = Release|Any CPU
		{C202C1C8-9C3F-453D-8DC8-8CB0D64CE2DB}.Release|Any CPU.Build.0 = Release|Any CPU
		{1E54EA00-14E5-4A3D-925D-A41232E9B416}.Debug|Any CPU.ActiveCfg = Debug|Any CPU
		{1E54EA00-14E5-4A3D-925D-A41232E9B416}.Debug|Any CPU.Build.0 = Debug|Any CPU
		{1E54EA00-14E5-4A3D-925D-A41232E9B416}.Release|Any CPU.ActiveCfg = Release|Any CPU
		{1E54EA00-14E5-4A3D-925D-A41232E9B416}.Release|Any CPU.Build.0 = Release|Any CPU
		{3AB3A09D-271F-4132-8EB3-1F7B5501EC7F}.Debug|Any CPU.ActiveCfg = Debug|Any CPU
		{3AB3A09D-271F-4132-8EB3-1F7B5501EC7F}.Debug|Any CPU.Build.0 = Debug|Any CPU
		{3AB3A09D-271F-4132-8EB3-1F7B5501EC7F}.Release|Any CPU.ActiveCfg = Release|Any CPU
		{3AB3A09D-271F-4132-8EB3-1F7B5501EC7F}.Release|Any CPU.Build.0 = Release|Any CPU
		{C423163C-106E-41A7-93E6-9017676AF3D1}.Debug|Any CPU.ActiveCfg = Debug|Any CPU
		{C423163C-106E-41A7-93E6-9017676AF3D1}.Debug|Any CPU.Build.0 = Debug|Any CPU
		{C423163C-106E-41A7-93E6-9017676AF3D1}.Release|Any CPU.ActiveCfg = Release|Any CPU
		{C423163C-106E-41A7-93E6-9017676AF3D1}.Release|Any CPU.Build.0 = Release|Any CPU
		{91D9907E-497A-42B9-A324-37A134AAB31D}.Debug|Any CPU.ActiveCfg = Debug|Any CPU
		{91D9907E-497A-42B9-A324-37A134AAB31D}.Debug|Any CPU.Build.0 = Debug|Any CPU
		{91D9907E-497A-42B9-A324-37A134AAB31D}.Release|Any CPU.ActiveCfg = Release|Any CPU
		{91D9907E-497A-42B9-A324-37A134AAB31D}.Release|Any CPU.Build.0 = Release|Any CPU
	EndGlobalSection
	GlobalSection(SolutionProperties) = preSolution
		HideSolutionNode = FALSE
	EndGlobalSection
EndGlobal
