
Microsoft Visual Studio Solution File, Format Version 12.00
# Visual Studio 14
VisualStudioVersion = 14.0.23107.0
MinimumVisualStudioVersion = 10.0.40219.1
Project("{FAE04EC0-301F-11D3-BF4B-00C04F79EFBC}") = "1.SomePrimes", "1.SomePrimes\1.SomePrimes.csproj", "{7F2865C4-34CF-4F31-8B16-DCA2DED51C56}"
EndProject
Project("{FAE04EC0-301F-11D3-BF4B-00C04F79EFBC}") = "2.SomeFibonacciPrimes", "2.SomeFibonacciPrimes\2.SomeFibonacciPrimes.csproj", "{390C0044-2F1F-4890-9640-0E33444CC333}"
EndProject
Project("{FAE04EC0-301F-11D3-BF4B-00C04F79EFBC}") = "3.SomeFactorials", "3.SomeFactorials\3.SomeFactorials.csproj", "{182D9B1E-AE10-4AD3-8EBE-EBC2AB224DF7}"
EndProject
Project("{FAE04EC0-301F-11D3-BF4B-00C04F79EFBC}") = "4.CalculateHypotenuse", "4.CalculateHypotenuse\4.CalculateHypotenuse.csproj", "{A119948C-F6C2-4228-B934-F8CB0787249E}"
EndProject
Project("{FAE04EC0-301F-11D3-BF4B-00C04F79EFBC}") = "5.NumeralSystemConversions", "5.NumeralSystemConversions\5.NumeralSystemConversions.csproj", "{7CA32E05-C8CE-4FE7-BA6D-EEDF45F39D50}"
EndProject
Project("{FAE04EC0-301F-11D3-BF4B-00C04F79EFBC}") = "6.LeastCommonMultiple", "6.LeastCommonMultiple\6.LeastCommonMultiple.csproj", "{F249175A-6CF9-49C9-8186-7819620F8A69}"
EndProject
Global
	GlobalSection(SolutionConfigurationPlatforms) = preSolution
		Debug|Any CPU = Debug|Any CPU
		Release|Any CPU = Release|Any CPU
	EndGlobalSection
	GlobalSection(ProjectConfigurationPlatforms) = postSolution
		{7F2865C4-34CF-4F31-8B16-DCA2DED51C56}.Debug|Any CPU.ActiveCfg = Debug|Any CPU
		{7F2865C4-34CF-4F31-8B16-DCA2DED51C56}.Debug|Any CPU.Build.0 = Debug|Any CPU
		{7F2865C4-34CF-4F31-8B16-DCA2DED51C56}.Release|Any CPU.ActiveCfg = Release|Any CPU
		{7F2865C4-34CF-4F31-8B16-DCA2DED51C56}.Release|Any CPU.Build.0 = Release|Any CPU
		{390C0044-2F1F-4890-9640-0E33444CC333}.Debug|Any CPU.ActiveCfg = Debug|Any CPU
		{390C0044-2F1F-4890-9640-0E33444CC333}.Debug|Any CPU.Build.0 = Debug|Any CPU
		{390C0044-2F1F-4890-9640-0E33444CC333}.Release|Any CPU.ActiveCfg = Release|Any CPU
		{390C0044-2F1F-4890-9640-0E33444CC333}.Release|Any CPU.Build.0 = Release|Any CPU
		{182D9B1E-AE10-4AD3-8EBE-EBC2AB224DF7}.Debug|Any CPU.ActiveCfg = Debug|Any CPU
		{182D9B1E-AE10-4AD3-8EBE-EBC2AB224DF7}.Debug|Any CPU.Build.0 = Debug|Any CPU
		{182D9B1E-AE10-4AD3-8EBE-EBC2AB224DF7}.Release|Any CPU.ActiveCfg = Release|Any CPU
		{182D9B1E-AE10-4AD3-8EBE-EBC2AB224DF7}.Release|Any CPU.Build.0 = Release|Any CPU
		{A119948C-F6C2-4228-B934-F8CB0787249E}.Debug|Any CPU.ActiveCfg = Debug|Any CPU
		{A119948C-F6C2-4228-B934-F8CB0787249E}.Debug|Any CPU.Build.0 = Debug|Any CPU
		{A119948C-F6C2-4228-B934-F8CB0787249E}.Release|Any CPU.ActiveCfg = Release|Any CPU
		{A119948C-F6C2-4228-B934-F8CB0787249E}.Release|Any CPU.Build.0 = Release|Any CPU
		{7CA32E05-C8CE-4FE7-BA6D-EEDF45F39D50}.Debug|Any CPU.ActiveCfg = Debug|Any CPU
		{7CA32E05-C8CE-4FE7-BA6D-EEDF45F39D50}.Debug|Any CPU.Build.0 = Debug|Any CPU
		{7CA32E05-C8CE-4FE7-BA6D-EEDF45F39D50}.Release|Any CPU.ActiveCfg = Release|Any CPU
		{7CA32E05-C8CE-4FE7-BA6D-EEDF45F39D50}.Release|Any CPU.Build.0 = Release|Any CPU
		{F249175A-6CF9-49C9-8186-7819620F8A69}.Debug|Any CPU.ActiveCfg = Debug|Any CPU
		{F249175A-6CF9-49C9-8186-7819620F8A69}.Debug|Any CPU.Build.0 = Debug|Any CPU
		{F249175A-6CF9-49C9-8186-7819620F8A69}.Release|Any CPU.ActiveCfg = Release|Any CPU
		{F249175A-6CF9-49C9-8186-7819620F8A69}.Release|Any CPU.Build.0 = Release|Any CPU
	EndGlobalSection
	GlobalSection(SolutionProperties) = preSolution
		HideSolutionNode = FALSE
	EndGlobalSection
EndGlobal
